
Microsoft Visual Studio Solution File, Format Version 12.00
# Visual Studio 14
VisualStudioVersion = 14.0.23107.0
MinimumVisualStudioVersion = 10.0.40219.1
Project("{8BC9CEB8-8B4A-11D0-8D11-00A0C91BC942}") = "LessCompiler", "LessCompiler\LessCompiler.vcxproj", "{98557A68-09D9-4B1A-B67B-D19DB2BDCCB8}"
EndProject
Project("{8BC9CEB8-8B4A-11D0-8D11-00A0C91BC942}") = "UnitTest1", "UnitTest1\UnitTest1.vcxproj", "{00C88316-58AE-4062-B236-E64EE35EABD9}"
EndProject
Project("{8BC9CEB8-8B4A-11D0-8D11-00A0C91BC942}") = "Trying", "Trying\Trying.vcxproj", "{068B4732-F87A-4D84-8DBB-C6C0365D15AE}"
EndProject
Global
	GlobalSection(SolutionConfigurationPlatforms) = preSolution
		Debug|x64 = Debug|x64
		Debug|x86 = Debug|x86
		Release|x64 = Release|x64
		Release|x86 = Release|x86
	EndGlobalSection
	GlobalSection(ProjectConfigurationPlatforms) = postSolution
		{98557A68-09D9-4B1A-B67B-D19DB2BDCCB8}.Debug|x64.ActiveCfg = Debug|x64
		{98557A68-09D9-4B1A-B67B-D19DB2BDCCB8}.Debug|x64.Build.0 = Debug|x64
		{98557A68-09D9-4B1A-B67B-D19DB2BDCCB8}.Debug|x86.ActiveCfg = Debug|Win32
		{98557A68-09D9-4B1A-B67B-D19DB2BDCCB8}.Debug|x86.Build.0 = Debug|Win32
		{98557A68-09D9-4B1A-B67B-D19DB2BDCCB8}.Release|x64.ActiveCfg = Release|x64
		{98557A68-09D9-4B1A-B67B-D19DB2BDCCB8}.Release|x64.Build.0 = Release|x64
		{98557A68-09D9-4B1A-B67B-D19DB2BDCCB8}.Release|x86.ActiveCfg = Release|Win32
		{98557A68-09D9-4B1A-B67B-D19DB2BDCCB8}.Release|x86.Build.0 = Release|Win32
		{00C88316-58AE-4062-B236-E64EE35EABD9}.Debug|x64.ActiveCfg = Debug|x64
		{00C88316-58AE-4062-B236-E64EE35EABD9}.Debug|x64.Build.0 = Debug|x64
		{00C88316-58AE-4062-B236-E64EE35EABD9}.Debug|x86.ActiveCfg = Debug|Win32
		{00C88316-58AE-4062-B236-E64EE35EABD9}.Debug|x86.Build.0 = Debug|Win32
		{00C88316-58AE-4062-B236-E64EE35EABD9}.Release|x64.ActiveCfg = Release|x64
		{00C88316-58AE-4062-B236-E64EE35EABD9}.Release|x64.Build.0 = Release|x64
		{00C88316-58AE-4062-B236-E64EE35EABD9}.Release|x86.ActiveCfg = Release|Win32
		{00C88316-58AE-4062-B236-E64EE35EABD9}.Release|x86.Build.0 = Release|Win32
		{068B4732-F87A-4D84-8DBB-C6C0365D15AE}.Debug|x64.ActiveCfg = Debug|x64
		{068B4732-F87A-4D84-8DBB-C6C0365D15AE}.Debug|x64.Build.0 = Debug|x64
		{068B4732-F87A-4D84-8DBB-C6C0365D15AE}.Debug|x86.ActiveCfg = Debug|Win32
		{068B4732-F87A-4D84-8DBB-C6C0365D15AE}.Debug|x86.Build.0 = Debug|Win32
		{068B4732-F87A-4D84-8DBB-C6C0365D15AE}.Release|x64.ActiveCfg = Release|x64
		{068B4732-F87A-4D84-8DBB-C6C0365D15AE}.Release|x64.Build.0 = Release|x64
		{068B4732-F87A-4D84-8DBB-C6C0365D15AE}.Release|x86.ActiveCfg = Release|Win32
		{068B4732-F87A-4D84-8DBB-C6C0365D15AE}.Release|x86.Build.0 = Release|Win32
	EndGlobalSection
	GlobalSection(SolutionProperties) = preSolution
		HideSolutionNode = FALSE
	EndGlobalSection
EndGlobal
